// !$*UTF8*$!
{
	archiveVersion = 1;
	classes = {
	};
	objectVersion = 77;
	objects = {

/* Begin PBXBuildFile section */
		A53D7FFA2F5C9A70000C87C0 /* AppDelegate.swift in Sources */ = {isa = PBXBuildFile; fileRef = A53D7FF92F5C9A70000C87C0 /* AppDelegate.swift */; };
		A53D7FFE2F5C9A70000C87C0 /* Main.html in Resources */ = {isa = PBXBuildFile; fileRef = A53D7FFC2F5C9A70000C87C0 /* Main.html */; };
		A53D80002F5C9A70000C87C0 /* Icon.png in Resources */ = {isa = PBXBuildFile; fileRef = A53D7FFF2F5C9A70000C87C0 /* Icon.png */; };
		A53D80022F5C9A70000C87C0 /* Style.css in Resources */ = {isa = PBXBuildFile; fileRef = A53D80012F5C9A70000C87C0 /* Style.css */; };
		A53D80042F5C9A70000C87C0 /* Script.js in Resources */ = {isa = PBXBuildFile; fileRef = A53D80032F5C9A70000C87C0 /* Script.js */; };
		A53D80062F5C9A70000C87C0 /* ViewController.swift in Sources */ = {isa = PBXBuildFile; fileRef = A53D80052F5C9A70000C87C0 /* ViewController.swift */; };
		A53D80092F5C9A70000C87C0 /* Main.storyboard in Resources */ = {isa = PBXBuildFile; fileRef = A53D80072F5C9A70000C87C0 /* Main.storyboard */; };
		A53D800B2F5C9A71000C87C0 /* Assets.xcassets in Resources */ = {isa = PBXBuildFile; fileRef = A53D800A2F5C9A71000C87C0 /* Assets.xcassets */; };
		A53D80122F5C9A71000C87C0 /* BlockTube for Safari Extension.appex in Embed Foundation Extensions */ = {isa = PBXBuildFile; fileRef = A53D80112F5C9A71000C87C0 /* BlockTube for Safari Extension.appex */; settings = {ATTRIBUTES = (RemoveHeadersOnCopy, ); }; };
		A53D80172F5C9A71000C87C0 /* SafariWebExtensionHandler.swift in Sources */ = {isa = PBXBuildFile; fileRef = A53D80162F5C9A71000C87C0 /* SafariWebExtensionHandler.swift */; };
		A53D80282F5C9A71000C87C0 /* LICENSE in Resources */ = {isa = PBXBuildFile; fileRef = A53D80232F5C9A71000C87C0 /* LICENSE */; };
		A53D80292F5C9A71000C87C0 /* VERSION in Resources */ = {isa = PBXBuildFile; fileRef = A53D80242F5C9A71000C87C0 /* VERSION */; };
		A53D802A2F5C9A71000C87C0 /* manifest.json in Resources */ = {isa = PBXBuildFile; fileRef = A53D80252F5C9A71000C87C0 /* manifest.json */; };
		A53D802B2F5C9A71000C87C0 /* assets in Resources */ = {isa = PBXBuildFile; fileRef = A53D80262F5C9A71000C87C0 /* assets */; };
		A53D802C2F5C9A71000C87C0 /* src in Resources */ = {isa = PBXBuildFile; fileRef = A53D80272F5C9A71000C87C0 /* src */; };
/* End PBXBuildFile section */

/* Begin PBXContainerItemProxy section */
		A53D80132F5C9A71000C87C0 /* PBXContainerItemProxy */ = {
			isa = PBXContainerItemProxy;
			containerPortal = A53D7FEE2F5C9A70000C87C0 /* Project object */;
			proxyType = 1;
			remoteGlobalIDString = A53D80102F5C9A71000C87C0;
			remoteInfo = "BlockTube for Safari Extension";
		};
/* End PBXContainerItemProxy section */

/* Begin PBXCopyFilesBuildPhase section */
		A53D801E2F5C9A71000C87C0 /* Embed Foundation Extensions */ = {
			isa = PBXCopyFilesBuildPhase;
			buildActionMask = 2147483647;
			dstPath = "";
			dstSubfolderSpec = 13;
			files = (
				A53D80122F5C9A71000C87C0 /* BlockTube for Safari Extension.appex in Embed Foundation Extensions */,
			);
			name = "Embed Foundation Extensions";
			runOnlyForDeploymentPostprocessing = 0;
		};
/* End PBXCopyFilesBuildPhase section */

/* Begin PBXFileReference section */
		A53D7FF62F5C9A70000C87C0 /* BlockTube for Safari.app */ = {isa = PBXFileReference; explicitFileType = wrapper.application; includeInIndex = 0; path = "BlockTube for Safari.app"; sourceTree = BUILT_PRODUCTS_DIR; };
		A53D7FF92F5C9A70000C87C0 /* AppDelegate.swift */ = {isa = PBXFileReference; lastKnownFileType = sourcecode.swift; path = AppDelegate.swift; sourceTree = "<group>"; };
		A53D7FFD2F5C9A70000C87C0 /* Base */ = {isa = PBXFileReference; lastKnownFileType = text.html; name = Base; path = Base.lproj/Main.html; sourceTree = "<group>"; };
		A53D7FFF2F5C9A70000C87C0 /* Icon.png */ = {isa = PBXFileReference; lastKnownFileType = image.png; path = Icon.png; sourceTree = "<group>"; };
		A53D80012F5C9A70000C87C0 /* Style.css */ = {isa = PBXFileReference; lastKnownFileType = text.css; path = Style.css; sourceTree = "<group>"; };
		A53D80032F5C9A70000C87C0 /* Script.js */ = {isa = PBXFileReference; lastKnownFileType = sourcecode.javascript; path = Script.js; sourceTree = "<group>"; };
		A53D80052F5C9A70000C87C0 /* ViewController.swift */ = {isa = PBXFileReference; lastKnownFileType = sourcecode.swift; path = ViewController.swift; sourceTree = "<group>"; };
		A53D80082F5C9A70000C87C0 /* Base */ = {isa = PBXFileReference; lastKnownFileType = file.storyboard; name = Base; path = Base.lproj/Main.storyboard; sourceTree = "<group>"; };
		A53D800A2F5C9A71000C87C0 /* Assets.xcassets */ = {isa = PBXFileReference; lastKnownFileType = folder.assetcatalog; path = Assets.xcassets; sourceTree = "<group>"; };
		A53D800C2F5C9A71000C87C0 /* Info.plist */ = {isa = PBXFileReference; lastKnownFileType = text.plist.xml; path = Info.plist; sourceTree = "<group>"; };
		A53D80112F5C9A71000C87C0 /* BlockTube for Safari Extension.appex */ = {isa = PBXFileReference; explicitFileType = "wrapper.app-extension"; includeInIndex = 0; path = "BlockTube for Safari Extension.appex"; sourceTree = BUILT_PRODUCTS_DIR; };
		A53D80162F5C9A71000C87C0 /* SafariWebExtensionHandler.swift */ = {isa = PBXFileReference; lastKnownFileType = sourcecode.swift; path = SafariWebExtensionHandler.swift; sourceTree = "<group>"; };
		A53D80182F5C9A71000C87C0 /* Info.plist */ = {isa = PBXFileReference; lastKnownFileType = text.plist.xml; path = Info.plist; sourceTree = "<group>"; };
		A53D80232F5C9A71000C87C0 /* LICENSE */ = {isa = PBXFileReference; lastKnownFileType = text; name = LICENSE; path = Resources/LICENSE; sourceTree = "<group>"; };
		A53D80242F5C9A71000C87C0 /* VERSION */ = {isa = PBXFileReference; lastKnownFileType = text; name = VERSION; path = Resources/VERSION; sourceTree = "<group>"; };
		A53D80252F5C9A71000C87C0 /* manifest.json */ = {isa = PBXFileReference; lastKnownFileType = text.json; name = manifest.json; path = Resources/manifest.json; sourceTree = "<group>"; };
		A53D80262F5C9A71000C87C0 /* assets */ = {isa = PBXFileReference; lastKnownFileType = folder; name = assets; path = Resources/assets; sourceTree = "<group>"; };
		A53D80272F5C9A71000C87C0 /* src */ = {isa = PBXFileReference; lastKnownFileType = folder; name = src; path = Resources/src; sourceTree = "<group>"; };
/* End PBXFileReference section */

/* Begin PBXFrameworksBuildPhase section */
		A53D7FF32F5C9A70000C87C0 /* Frameworks */ = {
			isa = PBXFrameworksBuildPhase;
			buildActionMask = 2147483647;
			files = (
			);
			runOnlyForDeploymentPostprocessing = 0;
		};
		A53D800E2F5C9A71000C87C0 /* Frameworks */ = {
			isa = PBXFrameworksBuildPhase;
			buildActionMask = 2147483647;
			files = (
			);
			runOnlyForDeploymentPostprocessing = 0;
		};
/* End PBXFrameworksBuildPhase section */

/* Begin PBXGroup section */
		A53D7FED2F5C9A70000C87C0 = {
			isa = PBXGroup;
			children = (
				A53D7FF82F5C9A70000C87C0 /* BlockTube for Safari */,
				A53D80152F5C9A71000C87C0 /* BlockTube for Safari Extension */,
				A53D7FF72F5C9A70000C87C0 /* Products */,
			);
			sourceTree = "<group>";
		};
		A53D7FF72F5C9A70000C87C0 /* Products */ = {
			isa = PBXGroup;
			children = (
				A53D7FF62F5C9A70000C87C0 /* BlockTube for Safari.app */,
				A53D80112F5C9A71000C87C0 /* BlockTube for Safari Extension.appex */,
			);
			name = Products;
			sourceTree = "<group>";
		};
		A53D7FF82F5C9A70000C87C0 /* BlockTube for Safari */ = {
			isa = PBXGroup;
			children = (
				A53D7FF92F5C9A70000C87C0 /* AppDelegate.swift */,
				A53D80052F5C9A70000C87C0 /* ViewController.swift */,
				A53D80072F5C9A70000C87C0 /* Main.storyboard */,
				A53D800A2F5C9A71000C87C0 /* Assets.xcassets */,
				A53D800C2F5C9A71000C87C0 /* Info.plist */,
				A53D7FFB2F5C9A70000C87C0 /* Resources */,
			);
			path = "BlockTube for Safari";
			sourceTree = "<group>";
		};
		A53D7FFB2F5C9A70000C87C0 /* Resources */ = {
			isa = PBXGroup;
			children = (
				A53D7FFC2F5C9A70000C87C0 /* Main.html */,
				A53D7FFF2F5C9A70000C87C0 /* Icon.png */,
				A53D80012F5C9A70000C87C0 /* Style.css */,
				A53D80032F5C9A70000C87C0 /* Script.js */,
			);
			path = Resources;
			sourceTree = "<group>";
		};
		A53D80152F5C9A71000C87C0 /* BlockTube for Safari Extension */ = {
			isa = PBXGroup;
			children = (
				A53D80222F5C9A71000C87C0 /* Resources */,
				A53D80162F5C9A71000C87C0 /* SafariWebExtensionHandler.swift */,
				A53D80182F5C9A71000C87C0 /* Info.plist */,
			);
			path = "BlockTube for Safari Extension";
			sourceTree = "<group>";
		};
		A53D80222F5C9A71000C87C0 /* Resources */ = {
			isa = PBXGroup;
			children = (
				A53D80232F5C9A71000C87C0 /* LICENSE */,
				A53D80242F5C9A71000C87C0 /* VERSION */,
				A53D80252F5C9A71000C87C0 /* manifest.json */,
				A53D80262F5C9A71000C87C0 /* assets */,
				A53D80272F5C9A71000C87C0 /* src */,
			);
			name = Resources;
			path = "BlockTube for Safari Extension";
			sourceTree = SOURCE_ROOT;
		};
/* End PBXGroup section */

/* Begin PBXNativeTarget section */
		A53D7FF52F5C9A70000C87C0 /* BlockTube for Safari */ = {
			isa = PBXNativeTarget;
			buildConfigurationList = A53D801F2F5C9A71000C87C0 /* Build configuration list for PBXNativeTarget "BlockTube for Safari" */;
			buildPhases = (
				A53D7FF22F5C9A70000C87C0 /* Sources */,
				A53D7FF32F5C9A70000C87C0 /* Frameworks */,
				A53D7FF42F5C9A70000C87C0 /* Resources */,
				A53D801E2F5C9A71000C87C0 /* Embed Foundation Extensions */,
			);
			buildRules = (
			);
			dependencies = (
				A53D80142F5C9A71000C87C0 /* PBXTargetDependency */,
			);
			name = "BlockTube for Safari";
			packageProductDependencies = (
			);
			productName = "BlockTube for Safari";
			productReference = A53D7FF62F5C9A70000C87C0 /* BlockTube for Safari.app */;
			productType = "com.apple.product-type.application";
		};
		A53D80102F5C9A71000C87C0 /* BlockTube for Safari Extension */ = {
			isa = PBXNativeTarget;
			buildConfigurationList = A53D801B2F5C9A71000C87C0 /* Build configuration list for PBXNativeTarget "BlockTube for Safari Extension" */;
			buildPhases = (
				A53D800D2F5C9A71000C87C0 /* Sources */,
				A53D800E2F5C9A71000C87C0 /* Frameworks */,
				A5B900002F5CAAA0000C87C0 /* Sync Safari Extension Resources */,
				A53D800F2F5C9A71000C87C0 /* Resources */,
			);
			buildRules = (
			);
			dependencies = (
			);
			name = "BlockTube for Safari Extension";
			packageProductDependencies = (
			);
			productName = "BlockTube for Safari Extension";
			productReference = A53D80112F5C9A71000C87C0 /* BlockTube for Safari Extension.appex */;
			productType = "com.apple.product-type.app-extension";
		};
/* End PBXNativeTarget section */

/* Begin PBXProject section */
		A53D7FEE2F5C9A70000C87C0 /* Project object */ = {
			isa = PBXProject;
			attributes = {
				BuildIndependentTargetsInParallel = 1;
				LastSwiftUpdateCheck = 2630;
				LastUpgradeCheck = 2630;
				TargetAttributes = {
					A53D7FF52F5C9A70000C87C0 = {
						CreatedOnToolsVersion = 26.3;
					};
					A53D80102F5C9A71000C87C0 = {
						CreatedOnToolsVersion = 26.3;
					};
				};
			};
			buildConfigurationList = A53D7FF12F5C9A70000C87C0 /* Build configuration list for PBXProject "BlockTube for Safari" */;
			developmentRegion = en;
			hasScannedForEncodings = 0;
			knownRegions = (
				en,
				Base,
			);
			mainGroup = A53D7FED2F5C9A70000C87C0;
			minimizedProjectReferenceProxies = 1;
			preferredProjectObjectVersion = 77;
			productRefGroup = A53D7FF72F5C9A70000C87C0 /* Products */;
			projectDirPath = "";
			projectRoot = "";
			targets = (
				A53D7FF52F5C9A70000C87C0 /* BlockTube for Safari */,
				A53D80102F5C9A71000C87C0 /* BlockTube for Safari Extension */,
			);
		};
/* End PBXProject section */

/* Begin PBXResourcesBuildPhase section */
		A53D7FF42F5C9A70000C87C0 /* Resources */ = {
			isa = PBXResourcesBuildPhase;
			buildActionMask = 2147483647;
			files = (
				A53D80002F5C9A70000C87C0 /* Icon.png in Resources */,
				A53D80092F5C9A70000C87C0 /* Main.storyboard in Resources */,
				A53D80042F5C9A70000C87C0 /* Script.js in Resources */,
				A53D7FFE2F5C9A70000C87C0 /* Main.html in Resources */,
				A53D800B2F5C9A71000C87C0 /* Assets.xcassets in Resources */,
				A53D80022F5C9A70000C87C0 /* Style.css in Resources */,
			);
			runOnlyForDeploymentPostprocessing = 0;
		};
		A53D800F2F5C9A71000C87C0 /* Resources */ = {
			isa = PBXResourcesBuildPhase;
			buildActionMask = 2147483647;
			files = (
				A53D80282F5C9A71000C87C0 /* LICENSE in Resources */,
				A53D802B2F5C9A71000C87C0 /* assets in Resources */,
				A53D802A2F5C9A71000C87C0 /* manifest.json in Resources */,
				A53D80292F5C9A71000C87C0 /* VERSION in Resources */,
				A53D802C2F5C9A71000C87C0 /* src in Resources */,
			);
			runOnlyForDeploymentPostprocessing = 0;
		};
/* End PBXResourcesBuildPhase section */

/* Begin PBXShellScriptBuildPhase section */
		A5B900002F5CAAA0000C87C0 /* Sync Safari Extension Resources */ = {
			isa = PBXShellScriptBuildPhase;
			buildActionMask = 2147483647;
			files = (
			);
			inputFileListPaths = (
			);
			inputPaths = (
			);
			name = "Sync Safari Extension Resources";
			outputFileListPaths = (
			);
			outputPaths = (
			);
			runOnlyForDeploymentPostprocessing = 0;
			shellPath = /bin/sh;
			shellScript = "\"$PROJECT_DIR/../../../../tools/stage_extension.sh\" safari \"$PROJECT_DIR/BlockTube for Safari Extension/Resources\"\n";
			showEnvVarsInLog = 0;
		};
/* End PBXShellScriptBuildPhase section */

/* Begin PBXSourcesBuildPhase section */
		A53D7FF22F5C9A70000C87C0 /* Sources */ = {
			isa = PBXSourcesBuildPhase;
			buildActionMask = 2147483647;
			files = (
				A53D80062F5C9A70000C87C0 /* ViewController.swift in Sources */,
				A53D7FFA2F5C9A70000C87C0 /* AppDelegate.swift in Sources */,
			);
			runOnlyForDeploymentPostprocessing = 0;
		};
		A53D800D2F5C9A71000C87C0 /* Sources */ = {
			isa = PBXSourcesBuildPhase;
			buildActionMask = 2147483647;
			files = (
				A53D80172F5C9A71000C87C0 /* SafariWebExtensionHandler.swift in Sources */,
			);
			runOnlyForDeploymentPostprocessing = 0;
		};
/* End PBXSourcesBuildPhase section */

/* Begin PBXTargetDependency section */
		A53D80142F5C9A71000C87C0 /* PBXTargetDependency */ = {
			isa = PBXTargetDependency;
			target = A53D80102F5C9A71000C87C0 /* BlockTube for Safari Extension */;
			targetProxy = A53D80132F5C9A71000C87C0 /* PBXContainerItemProxy */;
		};
/* End PBXTargetDependency section */

/* Begin PBXVariantGroup section */
		A53D7FFC2F5C9A70000C87C0 /* Main.html */ = {
			isa = PBXVariantGroup;
			children = (
				A53D7FFD2F5C9A70000C87C0 /* Base */,
			);
			name = Main.html;
			sourceTree = "<group>";
		};
		A53D80072F5C9A70000C87C0 /* Main.storyboard */ = {
			isa = PBXVariantGroup;
			children = (
				A53D80082F5C9A70000C87C0 /* Base */,
			);
			name = Main.storyboard;
			sourceTree = "<group>";
		};
/* End PBXVariantGroup section */

/* Begin XCBuildConfiguration section */
		A53D80192F5C9A71000C87C0 /* Debug */ = {
			isa = XCBuildConfiguration;
			buildSettings = {
				ALWAYS_SEARCH_USER_PATHS = NO;
				ASSETCATALOG_COMPILER_GENERATE_SWIFT_ASSET_SYMBOL_EXTENSIONS = YES;
				CLANG_ANALYZER_NONNULL = YES;
				CLANG_ANALYZER_NUMBER_OBJECT_CONVERSION = YES_AGGRESSIVE;
				CLANG_CXX_LANGUAGE_STANDARD = "gnu++20";
				CLANG_ENABLE_MODULES = YES;
				CLANG_ENABLE_OBJC_ARC = YES;
				CLANG_ENABLE_OBJC_WEAK = YES;
				CLANG_WARN_BLOCK_CAPTURE_AUTORELEASING = YES;
				CLANG_WARN_BOOL_CONVERSION = YES;
				CLANG_WARN_COMMA = YES;
				CLANG_WARN_CONSTANT_CONVERSION = YES;
				CLANG_WARN_DEPRECATED_OBJC_IMPLEMENTATIONS = YES;
				CLANG_WARN_DIRECT_OBJC_ISA_USAGE = YES_ERROR;
				CLANG_WARN_DOCUMENTATION_COMMENTS = YES;
				CLANG_WARN_EMPTY_BODY = YES;
				CLANG_WARN_ENUM_CONVERSION = YES;
				CLANG_WARN_INFINITE_RECURSION = YES;
				CLANG_WARN_INT_CONVERSION = YES;
				CLANG_WARN_NON_LITERAL_NULL_CONVERSION = YES;
				CLANG_WARN_OBJC_IMPLICIT_RETAIN_SELF = YES;
				CLANG_WARN_OBJC_LITERAL_CONVERSION = YES;
				CLANG_WARN_OBJC_ROOT_CLASS = YES_ERROR;
				CLANG_WARN_QUOTED_INCLUDE_IN_FRAMEWORK_HEADER = YES;
				CLANG_WARN_RANGE_LOOP_ANALYSIS = YES;
				CLANG_WARN_STRICT_PROTOTYPES = YES;
				CLANG_WARN_SUSPICIOUS_MOVE = YES;
				CLANG_WARN_UNGUARDED_AVAILABILITY = YES_AGGRESSIVE;
				CLANG_WARN_UNREACHABLE_CODE = YES;
				CLANG_WARN__DUPLICATE_METHOD_MATCH = YES;
				COPY_PHASE_STRIP = NO;
				DEBUG_INFORMATION_FORMAT = dwarf;
				ENABLE_STRICT_OBJC_MSGSEND = YES;
				ENABLE_TESTABILITY = YES;
				ENABLE_USER_SCRIPT_SANDBOXING = YES;
				GCC_C_LANGUAGE_STANDARD = gnu17;
				GCC_DYNAMIC_NO_PIC = NO;
				GCC_NO_COMMON_BLOCKS = YES;
				GCC_OPTIMIZATION_LEVEL = 0;
				GCC_PREPROCESSOR_DEFINITIONS = (
					"DEBUG=1",
					"$(inherited)",
				);
				GCC_WARN_64_TO_32_BIT_CONVERSION = YES;
				GCC_WARN_ABOUT_RETURN_TYPE = YES_ERROR;
				GCC_WARN_UNDECLARED_SELECTOR = YES;
				GCC_WARN_UNINITIALIZED_AUTOS = YES_AGGRESSIVE;
				GCC_WARN_UNUSED_FUNCTION = YES;
				GCC_WARN_UNUSED_VARIABLE = YES;
				LOCALIZATION_PREFERS_STRING_CATALOGS = YES;
				MACOSX_DEPLOYMENT_TARGET = 26.2;
				MTL_ENABLE_DEBUG_INFO = INCLUDE_SOURCE;
				MTL_FAST_MATH = YES;
				ONLY_ACTIVE_ARCH = YES;
				SDKROOT = macosx;
				SWIFT_ACTIVE_COMPILATION_CONDITIONS = "DEBUG $(inherited)";
				SWIFT_OPTIMIZATION_LEVEL = "-Onone";
			};
			name = Debug;
		};
		A53D801A2F5C9A71000C87C0 /* Release */ = {
			isa = XCBuildConfiguration;
			buildSettings = {
				ALWAYS_SEARCH_USER_PATHS = NO;
				ASSETCATALOG_COMPILER_GENERATE_SWIFT_ASSET_SYMBOL_EXTENSIONS = YES;
				CLANG_ANALYZER_NONNULL = YES;
				CLANG_ANALYZER_NUMBER_OBJECT_CONVERSION = YES_AGGRESSIVE;
				CLANG_CXX_LANGUAGE_STANDARD = "gnu++20";
				CLANG_ENABLE_MODULES = YES;
				CLANG_ENABLE_OBJC_ARC = YES;
				CLANG_ENABLE_OBJC_WEAK = YES;
				CLANG_WARN_BLOCK_CAPTURE_AUTORELEASING = YES;
				CLANG_WARN_BOOL_CONVERSION = YES;
				CLANG_WARN_COMMA = YES;
				CLANG_WARN_CONSTANT_CONVERSION = YES;
				CLANG_WARN_DEPRECATED_OBJC_IMPLEMENTATIONS = YES;
				CLANG_WARN_DIRECT_OBJC_ISA_USAGE = YES_ERROR;
				CLANG_WARN_DOCUMENTATION_COMMENTS = YES;
				CLANG_WARN_EMPTY_BODY = YES;
				CLANG_WARN_ENUM_CONVERSION = YES;
				CLANG_WARN_INFINITE_RECURSION = YES;
				CLANG_WARN_INT_CONVERSION = YES;
				CLANG_WARN_NON_LITERAL_NULL_CONVERSION = YES;
				CLANG_WARN_OBJC_IMPLICIT_RETAIN_SELF = YES;
				CLANG_WARN_OBJC_LITERAL_CONVERSION = YES;
				CLANG_WARN_OBJC_ROOT_CLASS = YES_ERROR;
				CLANG_WARN_QUOTED_INCLUDE_IN_FRAMEWORK_HEADER = YES;
				CLANG_WARN_RANGE_LOOP_ANALYSIS = YES;
				CLANG_WARN_STRICT_PROTOTYPES = YES;
				CLANG_WARN_SUSPICIOUS_MOVE = YES;
				CLANG_WARN_UNGUARDED_AVAILABILITY = YES_AGGRESSIVE;
				CLANG_WARN_UNREACHABLE_CODE = YES;
				CLANG_WARN__DUPLICATE_METHOD_MATCH = YES;
				COPY_PHASE_STRIP = NO;
				DEBUG_INFORMATION_FORMAT = "dwarf-with-dsym";
				ENABLE_NS_ASSERTIONS = NO;
				ENABLE_STRICT_OBJC_MSGSEND = YES;
				ENABLE_USER_SCRIPT_SANDBOXING = YES;
				GCC_C_LANGUAGE_STANDARD = gnu17;
				GCC_NO_COMMON_BLOCKS = YES;
				GCC_WARN_64_TO_32_BIT_CONVERSION = YES;
				GCC_WARN_ABOUT_RETURN_TYPE = YES_ERROR;
				GCC_WARN_UNDECLARED_SELECTOR = YES;
				GCC_WARN_UNINITIALIZED_AUTOS = YES_AGGRESSIVE;
				GCC_WARN_UNUSED_FUNCTION = YES;
				GCC_WARN_UNUSED_VARIABLE = YES;
				LOCALIZATION_PREFERS_STRING_CATALOGS = YES;
				MACOSX_DEPLOYMENT_TARGET = 26.2;
				MTL_ENABLE_DEBUG_INFO = NO;
				MTL_FAST_MATH = YES;
				SDKROOT = macosx;
				SWIFT_COMPILATION_MODE = wholemodule;
			};
			name = Release;
		};
		A53D801C2F5C9A71000C87C0 /* Debug */ = {
			isa = XCBuildConfiguration;
			buildSettings = {
				CODE_SIGN_STYLE = Automatic;
				CURRENT_PROJECT_VERSION = 1;
				ENABLE_APP_SANDBOX = YES;
				ENABLE_HARDENED_RUNTIME = YES;
				ENABLE_USER_SCRIPT_SANDBOXING = NO;
				ENABLE_USER_SELECTED_FILES = readonly;
				GENERATE_INFOPLIST_FILE = YES;
				INFOPLIST_FILE = "BlockTube for Safari Extension/Info.plist";
				INFOPLIST_KEY_CFBundleDisplayName = "BlockTube for Safari Extension";
				INFOPLIST_KEY_NSHumanReadableCopyright = "";
				LD_RUNPATH_SEARCH_PATHS = (
					"$(inherited)",
					"@executable_path/../Frameworks",
					"@executable_path/../../../../Frameworks",
				);
				MACOSX_DEPLOYMENT_TARGET = 10.14;
				MARKETING_VERSION = 1.0;
				OTHER_LDFLAGS = (
					"-framework",
					SafariServices,
				);
				PRODUCT_BUNDLE_IDENTIFIER = com.niclas.blocktube.safari.extension;
				PRODUCT_NAME = "$(TARGET_NAME)";
				SKIP_INSTALL = YES;
				STRING_CATALOG_GENERATE_SYMBOLS = YES;
				SWIFT_APPROACHABLE_CONCURRENCY = YES;
				SWIFT_EMIT_LOC_STRINGS = YES;
				SWIFT_UPCOMING_FEATURE_MEMBER_IMPORT_VISIBILITY = YES;
				SWIFT_VERSION = 5.0;
			};
			name = Debug;
		};
		A53D801D2F5C9A71000C87C0 /* Release */ = {
			isa = XCBuildConfiguration;
			buildSettings = {
				CODE_SIGN_STYLE = Automatic;
				CURRENT_PROJECT_VERSION = 1;
				ENABLE_APP_SANDBOX = YES;
				ENABLE_HARDENED_RUNTIME = YES;
				ENABLE_USER_SCRIPT_SANDBOXING = NO;
				ENABLE_USER_SELECTED_FILES = readonly;
				GENERATE_INFOPLIST_FILE = YES;
				INFOPLIST_FILE = "BlockTube for Safari Extension/Info.plist";
				INFOPLIST_KEY_CFBundleDisplayName = "BlockTube for Safari Extension";
				INFOPLIST_KEY_NSHumanReadableCopyright = "";
				LD_RUNPATH_SEARCH_PATHS = (
					"$(inherited)",
					"@executable_path/../Frameworks",
					"@executable_path/../../../../Frameworks",
				);
				MACOSX_DEPLOYMENT_TARGET = 10.14;
				MARKETING_VERSION = 1.0;
				OTHER_LDFLAGS = (
					"-framework",
					SafariServices,
				);
				PRODUCT_BUNDLE_IDENTIFIER = com.niclas.blocktube.safari.extension;
				PRODUCT_NAME = "$(TARGET_NAME)";
				SKIP_INSTALL = YES;
				STRING_CATALOG_GENERATE_SYMBOLS = YES;
				SWIFT_APPROACHABLE_CONCURRENCY = YES;
				SWIFT_EMIT_LOC_STRINGS = YES;
				SWIFT_UPCOMING_FEATURE_MEMBER_IMPORT_VISIBILITY = YES;
				SWIFT_VERSION = 5.0;
			};
			name = Release;
		};
		A53D80202F5C9A71000C87C0 /* Debug */ = {
			isa = XCBuildConfiguration;
			buildSettings = {
				ASSETCATALOG_COMPILER_APPICON_NAME = AppIcon;
				ASSETCATALOG_COMPILER_GLOBAL_ACCENT_COLOR_NAME = AccentColor;
				CODE_SIGN_STYLE = Automatic;
				COMBINE_HIDPI_IMAGES = YES;
				CURRENT_PROJECT_VERSION = 1;
				ENABLE_APP_SANDBOX = YES;
				ENABLE_HARDENED_RUNTIME = YES;
				ENABLE_OUTGOING_NETWORK_CONNECTIONS = YES;
				ENABLE_USER_SELECTED_FILES = readonly;
				GENERATE_INFOPLIST_FILE = YES;
				INFOPLIST_FILE = "BlockTube for Safari/Info.plist";
				INFOPLIST_KEY_CFBundleDisplayName = "BlockTube for Safari";
				INFOPLIST_KEY_NSHumanReadableCopyright = "";
				INFOPLIST_KEY_NSMainStoryboardFile = Main;
				INFOPLIST_KEY_NSPrincipalClass = NSApplication;
				LD_RUNPATH_SEARCH_PATHS = (
					"$(inherited)",
					"@executable_path/../Frameworks",
				);
				MARKETING_VERSION = 1.0;
				OTHER_LDFLAGS = (
					"-framework",
					SafariServices,
					"-framework",
					WebKit,
				);
				PRODUCT_BUNDLE_IDENTIFIER = com.niclas.blocktube.safari;
				PRODUCT_NAME = "$(TARGET_NAME)";
				STRING_CATALOG_GENERATE_SYMBOLS = YES;
				SWIFT_APPROACHABLE_CONCURRENCY = YES;
				SWIFT_DEFAULT_ACTOR_ISOLATION = MainActor;
				SWIFT_EMIT_LOC_STRINGS = YES;
				SWIFT_UPCOMING_FEATURE_MEMBER_IMPORT_VISIBILITY = YES;
				SWIFT_VERSION = 5.0;
			};
			name = Debug;
		};
		A53D80212F5C9A71000C87C0 /* Release */ = {
			isa = XCBuildConfiguration;
			buildSettings = {
				ASSETCATALOG_COMPILER_APPICON_NAME = AppIcon;
				ASSETCATALOG_COMPILER_GLOBAL_ACCENT_COLOR_NAME = AccentColor;
				CODE_SIGN_STYLE = Automatic;
				COMBINE_HIDPI_IMAGES = YES;
				CURRENT_PROJECT_VERSION = 1;
				ENABLE_APP_SANDBOX = YES;
				ENABLE_HARDENED_RUNTIME = YES;
				ENABLE_OUTGOING_NETWORK_CONNECTIONS = YES;
				ENABLE_USER_SELECTED_FILES = readonly;
				GENERATE_INFOPLIST_FILE = YES;
				INFOPLIST_FILE = "BlockTube for Safari/Info.plist";
				INFOPLIST_KEY_CFBundleDisplayName = "BlockTube for Safari";
				INFOPLIST_KEY_NSHumanReadableCopyright = "";
				INFOPLIST_KEY_NSMainStoryboardFile = Main;
				INFOPLIST_KEY_NSPrincipalClass = NSApplication;
				LD_RUNPATH_SEARCH_PATHS = (
					"$(inherited)",
					"@executable_path/../Frameworks",
				);
				MARKETING_VERSION = 1.0;
				OTHER_LDFLAGS = (
					"-framework",
					SafariServices,
					"-framework",
					WebKit,
				);
				PRODUCT_BUNDLE_IDENTIFIER = com.niclas.blocktube.safari;
				PRODUCT_NAME = "$(TARGET_NAME)";
				STRING_CATALOG_GENERATE_SYMBOLS = YES;
				SWIFT_APPROACHABLE_CONCURRENCY = YES;
				SWIFT_DEFAULT_ACTOR_ISOLATION = MainActor;
				SWIFT_EMIT_LOC_STRINGS = YES;
				SWIFT_UPCOMING_FEATURE_MEMBER_IMPORT_VISIBILITY = YES;
				SWIFT_VERSION = 5.0;
			};
			name = Release;
		};
/* End XCBuildConfiguration section */

/* Begin XCConfigurationList section */
		A53D7FF12F5C9A70000C87C0 /* Build configuration list for PBXProject "BlockTube for Safari" */ = {
			isa = XCConfigurationList;
			buildConfigurations = (
				A53D80192F5C9A71000C87C0 /* Debug */,
				A53D801A2F5C9A71000C87C0 /* Release */,
			);
			defaultConfigurationIsVisible = 0;
			defaultConfigurationName = Release;
		};
		A53D801B2F5C9A71000C87C0 /* Build configuration list for PBXNativeTarget "BlockTube for Safari Extension" */ = {
			isa = XCConfigurationList;
			buildConfigurations = (
				A53D801C2F5C9A71000C87C0 /* Debug */,
				A53D801D2F5C9A71000C87C0 /* Release */,
			);
			defaultConfigurationIsVisible = 0;
			defaultConfigurationName = Release;
		};
		A53D801F2F5C9A71000C87C0 /* Build configuration list for PBXNativeTarget "BlockTube for Safari" */ = {
			isa = XCConfigurationList;
			buildConfigurations = (
				A53D80202F5C9A71000C87C0 /* Debug */,
				A53D80212F5C9A71000C87C0 /* Release */,
			);
			defaultConfigurationIsVisible = 0;
			defaultConfigurationName = Release;
		};
/* End XCConfigurationList section */
	};
	rootObject = A53D7FEE2F5C9A70000C87C0 /* Project object */;
}
